<?xml version="1.0" encoding="utf-8"?>
<Project ToolsVersion="4.0" xmlns="http://schemas.microsoft.com/developer/msbuild/2003">
  <ItemGroup>
    <Filter Include="Source Files">
      <UniqueIdentifier>{4FC737F1-C7A5-4376-A066-2A32D752A2FF}</UniqueIdentifier>
      <Extensions>cpp;c;cc;cxx;def;odl;idl;hpj;bat;asm;asmx</Extensions>
    </Filter>
    <Filter Include="Header Files">
      <UniqueIdentifier>{93995380-89BD-4b04-88EB-625FBE52EBFB}</UniqueIdentifier>
      <Extensions>h;hh;hpp;hxx;hm;inl;inc;ipp;xsd</Extensions>
    </Filter>
    <Filter Include="Resource Files">
      <UniqueIdentifier>{67DA6AB6-F800-4c08-8B7A-83BB121AAD01}</UniqueIdentifier>
      <Extensions>rc;ico;cur;bmp;dlg;rc2;rct;bin;rgs;gif;jpg;jpeg;jpe;resx;tiff;tif;png;wav;mfcribbon-ms</Extensions>
    </Filter>
    <Filter Include="Components">
      <UniqueIdentifier>{2f9fde1a-c0a0-4de3-9156-88e2ae369e47}</UniqueIdentifier>
    </Filter>
    <Filter Include="Component">
      <UniqueIdentifier>{72e8c852-9895-49bf-864f-57e0edaef16b}</UniqueIdentifier>
    </Filter>
    <Filter Include="Managers">
      <UniqueIdentifier>{577fcd70-e354-4c5b-b059-ed4ca972293f}</UniqueIdentifier>
    </Filter>
    <Filter Include="Characters">
      <UniqueIdentifier>{f52cfe33-1d06-42a5-aad3-3723296b91d8}</UniqueIdentifier>
    </Filter>
    <Filter Include="Game">
      <UniqueIdentifier>{ff83bf1a-cf9f-4e83-8eaa-f008c96596c1}</UniqueIdentifier>
    </Filter>
    <Filter Include="Scripts">
      <UniqueIdentifier>{234b95d8-18c9-4614-9d41-7d60526bc67e}</UniqueIdentifier>
    </Filter>
  </ItemGroup>
  <ItemGroup>
    <ClInclude Include="pch.h">
      <Filter>Header Files</Filter>
    </ClInclude>
    <ClInclude Include="Components\AbilitiesInterface.h">
      <Filter>Components</Filter>
    </ClInclude>
    <ClInclude Include="Components\SpecialAbilityComponent.h">
      <Filter>Components</Filter>
    </ClInclude>
    <ClInclude Include="Managers\GameplayManager.h">
      <Filter>Managers</Filter>
    </ClInclude>
    <ClInclude Include="Characters\Character.h">
      <Filter>Characters</Filter>
    </ClInclude>
    <ClInclude Include="Characters\Enemy.h">
      <Filter>Characters</Filter>
    </ClInclude>
    <ClInclude Include="Characters\PlayerCharacter.h">
      <Filter>Characters</Filter>
    </ClInclude>
    <ClInclude Include="Game\GameWorld.h">
      <Filter>Game</Filter>
    </ClInclude>
    <ClInclude Include="GameApp.h">
      <Filter>Header Files</Filter>
    </ClInclude>
  </ItemGroup>
  <ItemGroup>
    <ClCompile Include="pch.cpp">
      <Filter>Source Files</Filter>
    </ClCompile>
    <ClCompile Include="EscapeTheQ.cpp">
      <Filter>Source Files</Filter>
    </ClCompile>
    <ClCompile Include="Components\SpecialAbilityComponent.cpp">
      <Filter>Components</Filter>
    </ClCompile>
    <ClCompile Include="Managers\GameplayManager.cpp">
      <Filter>Managers</Filter>
    </ClCompile>
    <ClCompile Include="Characters\Character.cpp">
      <Filter>Characters</Filter>
    </ClCompile>
    <ClCompile Include="Characters\Enemy.cpp">
      <Filter>Characters</Filter>
    </ClCompile>
    <ClCompile Include="Characters\PlayerCharacter.cpp">
      <Filter>Characters</Filter>
    </ClCompile>
    <ClCompile Include="Game\GameWorld.cpp">
      <Filter>Game</Filter>
    </ClCompile>
  </ItemGroup>
  <ItemGroup>
    <None Include="Scripts\TestScript.lua">
      <Filter>Scripts</Filter>
    </None>
  </ItemGroup>
</Project>