<?xml version="1.0" encoding="utf-8"?>
<Project ToolsVersion="4.0" xmlns="http://schemas.microsoft.com/developer/msbuild/2003">
  <ItemGroup>
    <Filter Include="Source Files">
      <UniqueIdentifier>{4FC737F1-C7A5-4376-A066-2A32D752A2FF}</UniqueIdentifier>
      <Extensions>cpp;c;cc;cxx;def;odl;idl;hpj;bat;asm;asmx</Extensions>
    </Filter>
    <Filter Include="Header Files">
      <UniqueIdentifier>{93995380-89BD-4b04-88EB-625FBE52EBFB}</UniqueIdentifier>
      <Extensions>h;hh;hpp;hxx;hm;inl;inc;ipp;xsd</Extensions>
    </Filter>
    <Filter Include="Resource Files">
      <UniqueIdentifier>{67DA6AB6-F800-4c08-8B7A-83BB121AAD01}</UniqueIdentifier>
      <Extensions>rc;ico;cur;bmp;dlg;rc2;rct;bin;rgs;gif;jpg;jpeg;jpe;resx;tiff;tif;png;wav;mfcribbon-ms</Extensions>
    </Filter>
    <Filter Include="Components">
      <UniqueIdentifier>{c6d51c14-b380-41b7-b198-e35824184b06}</UniqueIdentifier>
    </Filter>
    <Filter Include="Entities">
      <UniqueIdentifier>{d6a948df-0def-420b-8716-a86fdeaeffc2}</UniqueIdentifier>
    </Filter>
    <Filter Include="EntitySystems">
      <UniqueIdentifier>{9e585adb-6ccd-46ca-a917-9a15a35d44cc}</UniqueIdentifier>
    </Filter>
  </ItemGroup>
  <ItemGroup>
    <ClCompile Include="DXApp.cpp">
      <Filter>Source Files</Filter>
    </ClCompile>
    <ClCompile Include="Entities\Entity.cpp">
      <Filter>Entities</Filter>
    </ClCompile>
    <ClCompile Include="EntitySystems\EntitySystem.cpp">
      <Filter>EntitySystems</Filter>
    </ClCompile>
    <ClCompile Include="EntitySystems\EntityWorld.cpp">
      <Filter>EntitySystems</Filter>
    </ClCompile>
    <ClCompile Include="EntitySystems\RenderingSystem.cpp">
      <Filter>EntitySystems</Filter>
    </ClCompile>
    <ClCompile Include="Entities\EntityManager.cpp">
      <Filter>Entities</Filter>
    </ClCompile>
  </ItemGroup>
  <ItemGroup>
    <ClInclude Include="DXApp.h">
      <Filter>Header Files</Filter>
    </ClInclude>
    <ClInclude Include="Components\TransformComponent.h">
      <Filter>Components</Filter>
    </ClInclude>
    <ClInclude Include="Components\MeshComponent.h">
      <Filter>Components</Filter>
    </ClInclude>
    <ClInclude Include="Components\HealthComponent.h">
      <Filter>Components</Filter>
    </ClInclude>
    <ClInclude Include="Entities\Entity.h">
      <Filter>Entities</Filter>
    </ClInclude>
    <ClInclude Include="Components\BaseComponent.h">
      <Filter>Components</Filter>
    </ClInclude>
    <ClInclude Include="EntitySystems\EntitySystem.h">
      <Filter>EntitySystems</Filter>
    </ClInclude>
    <ClInclude Include="EntitySystems\EntityWorld.h">
      <Filter>EntitySystems</Filter>
    </ClInclude>
    <ClInclude Include="EntitySystems\RenderingSystem.h">
      <Filter>EntitySystems</Filter>
    </ClInclude>
    <ClInclude Include="Entities\EntityManager.h">
      <Filter>Entities</Filter>
    </ClInclude>
  </ItemGroup>
</Project>